
Microsoft Visual Studio Solution File, Format Version 12.00
# Visual Studio Version 17
VisualStudioVersion = 17.10.34928.147
MinimumVisualStudioVersion = 10.0.40219.1
Project("{FAE04EC0-301F-11D3-BF4B-00C04F79EFBC}") = "NewTalents", "NewTalents.csproj", "{2D292BD9-ED9F-4F95-AFFA-F94D991F6AD0}"
EndProject
Project("{FAE04EC0-301F-11D3-BF4B-00C04F79EFBC}") = "TestNewTalents", "..\TestNewTalents\TestNewTalents.csproj", "{592B3A17-B45B-4C80-ADCE-0C46F2D52321}"
EndProject
Global
	GlobalSection(SolutionConfigurationPlatforms) = preSolution
		Debug|Any CPU = Debug|Any CPU
		Release|Any CPU = Release|Any CPU
	EndGlobalSection
	GlobalSection(ProjectConfigurationPlatforms) = postSolution
		{2D292BD9-ED9F-4F95-AFFA-F94D991F6AD0}.Debug|Any CPU.ActiveCfg = Debug|Any CPU
		{2D292BD9-ED9F-4F95-AFFA-F94D991F6AD0}.Debug|Any CPU.Build.0 = Debug|Any CPU
		{2D292BD9-ED9F-4F95-AFFA-F94D991F6AD0}.Release|Any CPU.ActiveCfg = Release|Any CPU
		{2D292BD9-ED9F-4F95-AFFA-F94D991F6AD0}.Release|Any CPU.Build.0 = Release|Any CPU
		{592B3A17-B45B-4C80-ADCE-0C46F2D52321}.Debug|Any CPU.ActiveCfg = Debug|Any CPU
		{592B3A17-B45B-4C80-ADCE-0C46F2D52321}.Debug|Any CPU.Build.0 = Debug|Any CPU
		{592B3A17-B45B-4C80-ADCE-0C46F2D52321}.Release|Any CPU.ActiveCfg = Release|Any CPU
		{592B3A17-B45B-4C80-ADCE-0C46F2D52321}.Release|Any CPU.Build.0 = Release|Any CPU
	EndGlobalSection
	GlobalSection(SolutionProperties) = preSolution
		HideSolutionNode = FALSE
	EndGlobalSection
	GlobalSection(ExtensibilityGlobals) = postSolution
		SolutionGuid = {EAA89406-6E04-4A71-9BE8-3E0BF6D6DE40}
	EndGlobalSection
EndGlobal
